{
  "name": "npm-mac-lookup-compare",
  "version": "0.1.0",
  "lockfileVersion": 3,
  "requires": true,
  "packages": {
    "": {
      "name": "npm-mac-lookup-compare",
      "version": "0.1.0",
      "license": "MIT",
      "dependencies": {
        "@network-utils/vendor-lookup": "*",
        "mac-oui-lookup": "*",
        "oui": "*"
      }
    },
    "node_modules/@network-utils/vendor-lookup": {
      "version": "1.0.12",
      "resolved": "https://registry.npmjs.org/@network-utils/vendor-lookup/-/vendor-lookup-1.0.12.tgz",
      "integrity": "sha512-iBCFDdbYOyfqm9rjCRptzmFJgBe8k4BqW0/2d+po9PP/jkZmTpst+k6vt4QVt3yVd6DP95vRJG7wtGUJEgrmzw==",
      "license": "MIT"
    },
    "node_modules/mac-oui-lookup": {
      "version": "1.1.4",
      "resolved": "https://registry.npmjs.org/mac-oui-lookup/-/mac-oui-lookup-1.1.4.tgz",
      "integrity": "sha512-VuzR8PnMef92j86Mspx8gRwEtW3DjIR2xu2G5x3ezszdopEjVhrrI0r9SpkfPqJMQbsbWRnJrFxTKMXiUaJHHQ==",
      "license": "MIT"
    },
    "node_modules/oui": {
      "version": "13.1.5",
      "resolved": "https://registry.npmjs.org/oui/-/oui-13.1.5.tgz",
      "integrity": "sha512-G8VMBMFcj/+8snnbBpC2ufmMz2qxJheR5BeqPIqkQpn+plKn2wKmWvMh4bED44Rw1hkIGF864cq5nMU+ljk4TQ==",
      "license": "BSD-2-Clause",
      "dependencies": {
        "oui-data": "^1.1.522"
      },
      "bin": {
        "oui": "dist/index.js"
      }
    },
    "node_modules/oui-data": {
      "version": "1.1.522",
      "resolved": "https://registry.npmjs.org/oui-data/-/oui-data-1.1.522.tgz",
      "integrity": "sha512-ECf/MTwC3nzdcT39GL+k4JiNwM3GaSKMEPa6wvxepNMfxCsuDRKbfRCYKLJQWg6MK9ll6GCXXmrzROCINWwfhg==",
      "license": "BSD-2-Clause"
    }
  }
}
